
Microsoft Visual Studio Solution File, Format Version 12.00
# Visual Studio Version 16
VisualStudioVersion = 16.0.31019.35
MinimumVisualStudioVersion = 10.0.40219.1
Project("{8BC9CEB8-8B4A-11D0-8D11-00A0C91BC942}") = "CmdPEVeiw", "CmdPEVeiw\CmdPEVeiw.vcxproj", "{D32D18EA-9BE0-4CB1-BEE1-A05F033614A2}"
EndProject
Global
	GlobalSection(SolutionConfigurationPlatforms) = preSolution
		Debug|x64 = Debug|x64
		Debug|x86 = Debug|x86
		Release|x64 = Release|x64
		Release|x86 = Release|x86
	EndGlobalSection
	GlobalSection(ProjectConfigurationPlatforms) = postSolution
		{D32D18EA-9BE0-4CB1-BEE1-A05F033614A2}.Debug|x64.ActiveCfg = Debug|x64
		{D32D18EA-9BE0-4CB1-BEE1-A05F033614A2}.Debug|x64.Build.0 = Debug|x64
		{D32D18EA-9BE0-4CB1-BEE1-A05F033614A2}.Debug|x86.ActiveCfg = Debug|Win32
		{D32D18EA-9BE0-4CB1-BEE1-A05F033614A2}.Debug|x86.Build.0 = Debug|Win32
		{D32D18EA-9BE0-4CB1-BEE1-A05F033614A2}.Release|x64.ActiveCfg = Release|x64
		{D32D18EA-9BE0-4CB1-BEE1-A05F033614A2}.Release|x64.Build.0 = Release|x64
		{D32D18EA-9BE0-4CB1-BEE1-A05F033614A2}.Release|x86.ActiveCfg = Release|Win32
		{D32D18EA-9BE0-4CB1-BEE1-A05F033614A2}.Release|x86.Build.0 = Release|Win32
	EndGlobalSection
	GlobalSection(SolutionProperties) = preSolution
		HideSolutionNode = FALSE
	EndGlobalSection
	GlobalSection(ExtensibilityGlobals) = postSolution
		SolutionGuid = {08E48487-7F19-4FE7-901C-19C51530C741}
	EndGlobalSection
EndGlobal
